// !$*UTF8*$!
{
	archiveVersion = 1;
	classes = {
	};
	objectVersion = 46;
	objects = {

/* Begin PBXBuildFile section */
		452905581C4A6DBB0080DA8D /* AppDelegate.swift in Sources */ = {isa = PBXBuildFile; fileRef = 452905571C4A6DBB0080DA8D /* AppDelegate.swift */; };
		4529055A1C4A6DBB0080DA8D /* ViewController.swift in Sources */ = {isa = PBXBuildFile; fileRef = 452905591C4A6DBB0080DA8D /* ViewController.swift */; };
		4529055D1C4A6DBB0080DA8D /* Main.storyboard in Resources */ = {isa = PBXBuildFile; fileRef = 4529055B1C4A6DBB0080DA8D /* Main.storyboard */; };
		4529055F1C4A6DBB0080DA8D /* Assets.xcassets in Resources */ = {isa = PBXBuildFile; fileRef = 4529055E1C4A6DBB0080DA8D /* Assets.xcassets */; };
		452905621C4A6DBB0080DA8D /* LaunchScreen.storyboard in Resources */ = {isa = PBXBuildFile; fileRef = 452905601C4A6DBB0080DA8D /* LaunchScreen.storyboard */; };
		452D88571C4D1F860042AE18 /* jabjai.ttf in Resources */ = {isa = PBXBuildFile; fileRef = 452D88561C4D1F860042AE18 /* jabjai.ttf */; };
		452D885B1C4DD4C50042AE18 /* btn.wav in Resources */ = {isa = PBXBuildFile; fileRef = 452D885A1C4DD4C50042AE18 /* btn.wav */; };
/* End PBXBuildFile section */

/* Begin PBXFileReference section */
		452905541C4A6DBB0080DA8D /* RetroCalculator.app */ = {isa = PBXFileReference; explicitFileType = wrapper.application; includeInIndex = 0; path = RetroCalculator.app; sourceTree = BUILT_PRODUCTS_DIR; };
		452905571C4A6DBB0080DA8D /* AppDelegate.swift */ = {isa = PBXFileReference; lastKnownFileType = sourcecode.swift; path = AppDelegate.swift; sourceTree = "<group>"; };
		452905591C4A6DBB0080DA8D /* ViewController.swift */ = {isa = PBXFileReference; lastKnownFileType = sourcecode.swift; path = ViewController.swift; sourceTree = "<group>"; };
		4529055C1C4A6DBB0080DA8D /* Base */ = {isa = PBXFileReference; lastKnownFileType = file.storyboard; name = Base; path = Base.lproj/Main.storyboard; sourceTree = "<group>"; };
		4529055E1C4A6DBB0080DA8D /* Assets.xcassets */ = {isa = PBXFileReference; lastKnownFileType = folder.assetcatalog; path = Assets.xcassets; sourceTree = "<group>"; };
		452905611C4A6DBB0080DA8D /* Base */ = {isa = PBXFileReference; lastKnownFileType = file.storyboard; name = Base; path = Base.lproj/LaunchScreen.storyboard; sourceTree = "<group>"; };
		452905631C4A6DBB0080DA8D /* Info.plist */ = {isa = PBXFileReference; lastKnownFileType = text.plist.xml; path = Info.plist; sourceTree = "<group>"; };
		452D88561C4D1F860042AE18 /* jabjai.ttf */ = {isa = PBXFileReference; lastKnownFileType = file; path = jabjai.ttf; sourceTree = "<group>"; };
		452D885A1C4DD4C50042AE18 /* btn.wav */ = {isa = PBXFileReference; lastKnownFileType = audio.wav; path = btn.wav; sourceTree = "<group>"; };
/* End PBXFileReference section */

/* Begin PBXFrameworksBuildPhase section */
		452905511C4A6DBB0080DA8D /* Frameworks */ = {
			isa = PBXFrameworksBuildPhase;
			buildActionMask = 2147483647;
			files = (
			);
			runOnlyForDeploymentPostprocessing = 0;
		};
/* End PBXFrameworksBuildPhase section */

/* Begin PBXGroup section */
		4529054B1C4A6DBB0080DA8D = {
			isa = PBXGroup;
			children = (
				452905561C4A6DBB0080DA8D /* RetroCalculator */,
				452905551C4A6DBB0080DA8D /* Products */,
			);
			sourceTree = "<group>";
		};
		452905551C4A6DBB0080DA8D /* Products */ = {
			isa = PBXGroup;
			children = (
				452905541C4A6DBB0080DA8D /* RetroCalculator.app */,
			);
			name = Products;
			sourceTree = "<group>";
		};
		452905561C4A6DBB0080DA8D /* RetroCalculator */ = {
			isa = PBXGroup;
			children = (
				452D88561C4D1F860042AE18 /* jabjai.ttf */,
				452D885A1C4DD4C50042AE18 /* btn.wav */,
				452905571C4A6DBB0080DA8D /* AppDelegate.swift */,
				452905591C4A6DBB0080DA8D /* ViewController.swift */,
				4529055B1C4A6DBB0080DA8D /* Main.storyboard */,
				4529055E1C4A6DBB0080DA8D /* Assets.xcassets */,
				452905601C4A6DBB0080DA8D /* LaunchScreen.storyboard */,
				452905631C4A6DBB0080DA8D /* Info.plist */,
			);
			path = RetroCalculator;
			sourceTree = "<group>";
		};
/* End PBXGroup section */

/* Begin PBXNativeTarget section */
		452905531C4A6DBB0080DA8D /* RetroCalculator */ = {
			isa = PBXNativeTarget;
			buildConfigurationList = 452905661C4A6DBB0080DA8D /* Build configuration list for PBXNativeTarget "RetroCalculator" */;
			buildPhases = (
				452905501C4A6DBB0080DA8D /* Sources */,
				452905511C4A6DBB0080DA8D /* Frameworks */,
				452905521C4A6DBB0080DA8D /* Resources */,
			);
			buildRules = (
			);
			dependencies = (
			);
			name = RetroCalculator;
			productName = RetroCalculator;
			productReference = 452905541C4A6DBB0080DA8D /* RetroCalculator.app */;
			productType = "com.apple.product-type.application";
		};
/* End PBXNativeTarget section */

/* Begin PBXProject section */
		4529054C1C4A6DBB0080DA8D /* Project object */ = {
			isa = PBXProject;
			attributes = {
				LastSwiftUpdateCheck = 0720;
				LastUpgradeCheck = 0720;
				ORGANIZATIONNAME = CreativeIce;
				TargetAttributes = {
					452905531C4A6DBB0080DA8D = {
						CreatedOnToolsVersion = 7.2;
					};
				};
			};
			buildConfigurationList = 4529054F1C4A6DBB0080DA8D /* Build configuration list for PBXProject "RetroCalculator" */;
			compatibilityVersion = "Xcode 3.2";
			developmentRegion = English;
			hasScannedForEncodings = 0;
			knownRegions = (
				en,
				Base,
			);
			mainGroup = 4529054B1C4A6DBB0080DA8D;
			productRefGroup = 452905551C4A6DBB0080DA8D /* Products */;
			projectDirPath = "";
			projectRoot = "";
			targets = (
				452905531C4A6DBB0080DA8D /* RetroCalculator */,
			);
		};
/* End PBXProject section */

/* Begin PBXResourcesBuildPhase section */
		452905521C4A6DBB0080DA8D /* Resources */ = {
			isa = PBXResourcesBuildPhase;
			buildActionMask = 2147483647;
			files = (
				452D885B1C4DD4C50042AE18 /* btn.wav in Resources */,
				452D88571C4D1F860042AE18 /* jabjai.ttf in Resources */,
				452905621C4A6DBB0080DA8D /* LaunchScreen.storyboard in Resources */,
				4529055F1C4A6DBB0080DA8D /* Assets.xcassets in Resources */,
				4529055D1C4A6DBB0080DA8D /* Main.storyboard in Resources */,
			);
			runOnlyForDeploymentPostprocessing = 0;
		};
/* End PBXResourcesBuildPhase section */

/* Begin PBXSourcesBuildPhase section */
		452905501C4A6DBB0080DA8D /* Sources */ = {
			isa = PBXSourcesBuildPhase;
			buildActionMask = 2147483647;
			files = (
				4529055A1C4A6DBB0080DA8D /* ViewController.swift in Sources */,
				452905581C4A6DBB0080DA8D /* AppDelegate.swift in Sources */,
			);
			runOnlyForDeploymentPostprocessing = 0;
		};
/* End PBXSourcesBuildPhase section */

/* Begin PBXVariantGroup section */
		4529055B1C4A6DBB0080DA8D /* Main.storyboard */ = {
			isa = PBXVariantGroup;
			children = (
				4529055C1C4A6DBB0080DA8D /* Base */,
			);
			name = Main.storyboard;
			sourceTree = "<group>";
		};
		452905601C4A6DBB0080DA8D /* LaunchScreen.storyboard */ = {
			isa = PBXVariantGroup;
			children = (
				452905611C4A6DBB0080DA8D /* Base */,
			);
			name = LaunchScreen.storyboard;
			sourceTree = "<group>";
		};
/* End PBXVariantGroup section */

/* Begin XCBuildConfiguration section */
		452905641C4A6DBB0080DA8D /* Debug */ = {
			isa = XCBuildConfiguration;
			buildSettings = {
				ALWAYS_SEARCH_USER_PATHS = NO;
				CLANG_CXX_LANGUAGE_STANDARD = "gnu++0x";
				CLANG_CXX_LIBRARY = "libc++";
				CLANG_ENABLE_MODULES = YES;
				CLANG_ENABLE_OBJC_ARC = YES;
				CLANG_WARN_BOOL_CONVERSION = YES;
				CLANG_WARN_CONSTANT_CONVERSION = YES;
				CLANG_WARN_DIRECT_OBJC_ISA_USAGE = YES_ERROR;
				CLANG_WARN_EMPTY_BODY = YES;
				CLANG_WARN_ENUM_CONVERSION = YES;
				CLANG_WARN_INT_CONVERSION = YES;
				CLANG_WARN_OBJC_ROOT_CLASS = YES_ERROR;
				CLANG_WARN_UNREACHABLE_CODE = YES;
				CLANG_WARN__DUPLICATE_METHOD_MATCH = YES;
				"CODE_SIGN_IDENTITY[sdk=iphoneos*]" = "iPhone Developer";
				COPY_PHASE_STRIP = NO;
				DEBUG_INFORMATION_FORMAT = dwarf;
				ENABLE_STRICT_OBJC_MSGSEND = YES;
				ENABLE_TESTABILITY = YES;
				GCC_C_LANGUAGE_STANDARD = gnu99;
				GCC_DYNAMIC_NO_PIC = NO;
				GCC_NO_COMMON_BLOCKS = YES;
				GCC_OPTIMIZATION_LEVEL = 0;
				GCC_PREPROCESSOR_DEFINITIONS = (
					"DEBUG=1",
					"$(inherited)",
				);
				GCC_WARN_64_TO_32_BIT_CONVERSION = YES;
				GCC_WARN_ABOUT_RETURN_TYPE = YES_ERROR;
				GCC_WARN_UNDECLARED_SELECTOR = YES;
				GCC_WARN_UNINITIALIZED_AUTOS = YES_AGGRESSIVE;
				GCC_WARN_UNUSED_FUNCTION = YES;
				GCC_WARN_UNUSED_VARIABLE = YES;
				IPHONEOS_DEPLOYMENT_TARGET = 9.2;
				MTL_ENABLE_DEBUG_INFO = YES;
				ONLY_ACTIVE_ARCH = YES;
				SDKROOT = iphoneos;
				SWIFT_OPTIMIZATION_LEVEL = "-Onone";
				TARGETED_DEVICE_FAMILY = "1,2";
			};
			name = Debug;
		};
		452905651C4A6DBB0080DA8D /* Release */ = {
			isa = XCBuildConfiguration;
			buildSettings = {
				ALWAYS_SEARCH_USER_PATHS = NO;
				CLANG_CXX_LANGUAGE_STANDARD = "gnu++0x";
				CLANG_CXX_LIBRARY = "libc++";
				CLANG_ENABLE_MODULES = YES;
				CLANG_ENABLE_OBJC_ARC = YES;
				CLANG_WARN_BOOL_CONVERSION = YES;
				CLANG_WARN_CONSTANT_CONVERSION = YES;
				CLANG_WARN_DIRECT_OBJC_ISA_USAGE = YES_ERROR;
				CLANG_WARN_EMPTY_BODY = YES;
				CLANG_WARN_ENUM_CONVERSION = YES;
				CLANG_WARN_INT_CONVERSION = YES;
				CLANG_WARN_OBJC_ROOT_CLASS = YES_ERROR;
				CLANG_WARN_UNREACHABLE_CODE = YES;
				CLANG_WARN__DUPLICATE_METHOD_MATCH = YES;
				"CODE_SIGN_IDENTITY[sdk=iphoneos*]" = "iPhone Developer";
				COPY_PHASE_STRIP = NO;
				DEBUG_INFORMATION_FORMAT = "dwarf-with-dsym";
				ENABLE_NS_ASSERTIONS = NO;
				ENABLE_STRICT_OBJC_MSGSEND = YES;
				GCC_C_LANGUAGE_STANDARD = gnu99;
				GCC_NO_COMMON_BLOCKS = YES;
				GCC_WARN_64_TO_32_BIT_CONVERSION = YES;
				GCC_WARN_ABOUT_RETURN_TYPE = YES_ERROR;
				GCC_WARN_UNDECLARED_SELECTOR = YES;
				GCC_WARN_UNINITIALIZED_AUTOS = YES_AGGRESSIVE;
				GCC_WARN_UNUSED_FUNCTION = YES;
				GCC_WARN_UNUSED_VARIABLE = YES;
				IPHONEOS_DEPLOYMENT_TARGET = 9.2;
				MTL_ENABLE_DEBUG_INFO = NO;
				SDKROOT = iphoneos;
				TARGETED_DEVICE_FAMILY = "1,2";
				VALIDATE_PRODUCT = YES;
			};
			name = Release;
		};
		452905671C4A6DBB0080DA8D /* Debug */ = {
			isa = XCBuildConfiguration;
			buildSettings = {
				ASSETCATALOG_COMPILER_APPICON_NAME = AppIcon;
				INFOPLIST_FILE = RetroCalculator/Info.plist;
				LD_RUNPATH_SEARCH_PATHS = "$(inherited) @executable_path/Frameworks";
				PRODUCT_BUNDLE_IDENTIFIER = com.CreativeIce.RetroCalculator;
				PRODUCT_NAME = "$(TARGET_NAME)";
			};
			name = Debug;
		};
		452905681C4A6DBB0080DA8D /* Release */ = {
			isa = XCBuildConfiguration;
			buildSettings = {
				ASSETCATALOG_COMPILER_APPICON_NAME = AppIcon;
				INFOPLIST_FILE = RetroCalculator/Info.plist;
				LD_RUNPATH_SEARCH_PATHS = "$(inherited) @executable_path/Frameworks";
				PRODUCT_BUNDLE_IDENTIFIER = com.CreativeIce.RetroCalculator;
				PRODUCT_NAME = "$(TARGET_NAME)";
			};
			name = Release;
		};
/* End XCBuildConfiguration section */

/* Begin XCConfigurationList section */
		4529054F1C4A6DBB0080DA8D /* Build configuration list for PBXProject "RetroCalculator" */ = {
			isa = XCConfigurationList;
			buildConfigurations = (
				452905641C4A6DBB0080DA8D /* Debug */,
				452905651C4A6DBB0080DA8D /* Release */,
			);
			defaultConfigurationIsVisible = 0;
			defaultConfigurationName = Release;
		};
		452905661C4A6DBB0080DA8D /* Build configuration list for PBXNativeTarget "RetroCalculator" */ = {
			isa = XCConfigurationList;
			buildConfigurations = (
				452905671C4A6DBB0080DA8D /* Debug */,
				452905681C4A6DBB0080DA8D /* Release */,
			);
			defaultConfigurationIsVisible = 0;
			defaultConfigurationName = Release;
		};
/* End XCConfigurationList section */
	};
	rootObject = 4529054C1C4A6DBB0080DA8D /* Project object */;
}
